<?xml version="1.0" encoding="utf-8"?>
<Project ToolsVersion="4.0" xmlns="http://schemas.microsoft.com/developer/msbuild/2003">
  <ItemGroup>
    <Filter Include="Fichiers sources">
      <UniqueIdentifier>{4FC737F1-C7A5-4376-A066-2A32D752A2FF}</UniqueIdentifier>
      <Extensions>cpp;c;cc;cxx;c++;cppm;ixx;def;odl;idl;hpj;bat;asm;asmx</Extensions>
    </Filter>
    <Filter Include="Fichiers d%27en-tête">
      <UniqueIdentifier>{93995380-89BD-4b04-88EB-625FBE52EBFB}</UniqueIdentifier>
      <Extensions>h;hh;hpp;hxx;h++;hm;inl;inc;ipp;xsd</Extensions>
    </Filter>
    <Filter Include="Fichiers de ressources">
      <UniqueIdentifier>{67DA6AB6-F800-4c08-8B7A-83BB121AAD01}</UniqueIdentifier>
      <Extensions>rc;ico;cur;bmp;dlg;rc2;rct;bin;rgs;gif;jpg;jpeg;jpe;resx;tiff;tif;png;wav;mfcribbon-ms</Extensions>
    </Filter>
    <Filter Include="Fichiers d%27en-tête\Scenes">
      <UniqueIdentifier>{56bb49eb-1c5b-4404-80ef-3e6f62b07ac0}</UniqueIdentifier>
    </Filter>
    <Filter Include="Fichiers sources\Scenes">
      <UniqueIdentifier>{0889fbdb-c376-445d-99d6-25c5d3d13415}</UniqueIdentifier>
    </Filter>
    <Filter Include="Fichiers de ressources\Shaders">
      <UniqueIdentifier>{049d8f93-de26-475c-a093-757a8200ebd3}</UniqueIdentifier>
    </Filter>
    <Filter Include="Fichiers de ressources\Shaders\Base Scene">
      <UniqueIdentifier>{1d6d93c7-05ff-4929-a634-9cbf6fd3ddaa}</UniqueIdentifier>
    </Filter>
    <Filter Include="Fichiers de ressources\Shaders\Demo Scene">
      <UniqueIdentifier>{9e93fad5-8073-4253-b153-eeffdbdbd9d1}</UniqueIdentifier>
    </Filter>
    <Filter Include="Fichiers de ressources\Shaders\Terrain Tessellation">
      <UniqueIdentifier>{c7fd33c3-dadc-4f07-878c-b4cb89a18cb7}</UniqueIdentifier>
    </Filter>
    <Filter Include="Fichiers de ressources\Shaders\Tessellation Modes">
      <UniqueIdentifier>{89bf5a59-a64c-4d06-8a3b-fae32f63b4c6}</UniqueIdentifier>
    </Filter>
    <Filter Include="Fichiers de ressources\Shaders\Tessellation Simple">
      <UniqueIdentifier>{995ca06f-9b9b-40d2-855a-4bd1643ff492}</UniqueIdentifier>
    </Filter>
    <Filter Include="Fichiers de ressources\Utils">
      <UniqueIdentifier>{8e2d5ecd-f92a-4247-9766-32e593cd7de2}</UniqueIdentifier>
    </Filter>
    <Filter Include="Fichiers de ressources\Utils\Maths">
      <UniqueIdentifier>{1031c0a5-9abc-431e-b9e4-4dd3bd93a60a}</UniqueIdentifier>
    </Filter>
    <Filter Include="Fichiers de ressources\Utils\Gaetz Engine">
      <UniqueIdentifier>{213bd315-59dd-4e3e-a594-16aa5038b0b9}</UniqueIdentifier>
    </Filter>
  </ItemGroup>
  <ItemGroup>
    <ClCompile Include="Main.cpp">
      <Filter>Fichiers sources</Filter>
    </ClCompile>
    <ClCompile Include="Window.cpp">
      <Filter>Fichiers sources</Filter>
    </ClCompile>
    <ClCompile Include="Shader.cpp">
      <Filter>Fichiers sources</Filter>
    </ClCompile>
    <ClCompile Include="ShaderProgram.cpp">
      <Filter>Fichiers sources</Filter>
    </ClCompile>
    <ClCompile Include="Scene.cpp">
      <Filter>Fichiers sources\Scenes</Filter>
    </ClCompile>
    <ClCompile Include="BaseScene.cpp">
      <Filter>Fichiers sources\Scenes</Filter>
    </ClCompile>
    <ClCompile Include="ScreensaverScene.cpp">
      <Filter>Fichiers sources\Scenes</Filter>
    </ClCompile>
    <ClCompile Include="TessellationScene.cpp">
      <Filter>Fichiers sources\Scenes</Filter>
    </ClCompile>
    <ClCompile Include="TessellationModesScene.cpp">
      <Filter>Fichiers sources\Scenes</Filter>
    </ClCompile>
    <ClCompile Include="TerrainTessellationScene.cpp">
      <Filter>Fichiers sources\Scenes</Filter>
    </ClCompile>
    <ClCompile Include="maths\Matrix4.cpp">
      <Filter>Fichiers de ressources\Utils\Maths</Filter>
    </ClCompile>
    <ClCompile Include="maths\Matrix4Row.cpp">
      <Filter>Fichiers de ressources\Utils\Maths</Filter>
    </ClCompile>
    <ClCompile Include="maths\Quaternion.cpp">
      <Filter>Fichiers de ressources\Utils\Maths</Filter>
    </ClCompile>
    <ClCompile Include="maths\Vector2.cpp">
      <Filter>Fichiers de ressources\Utils\Maths</Filter>
    </ClCompile>
    <ClCompile Include="maths\Vector3.cpp">
      <Filter>Fichiers de ressources\Utils\Maths</Filter>
    </ClCompile>
    <ClCompile Include="maths\Vector4.cpp">
      <Filter>Fichiers de ressources\Utils\Maths</Filter>
    </ClCompile>
    <ClCompile Include="Engine\Assets.cpp">
      <Filter>Fichiers de ressources\Utils\Gaetz Engine</Filter>
    </ClCompile>
    <ClCompile Include="Engine\MeshObject.cpp">
      <Filter>Fichiers de ressources\Utils\Gaetz Engine</Filter>
    </ClCompile>
    <ClCompile Include="Engine\Texture.cpp">
      <Filter>Fichiers de ressources\Utils\Gaetz Engine</Filter>
    </ClCompile>
    <ClCompile Include="Engine\TextureKtx.cpp">
      <Filter>Fichiers de ressources\Utils\Gaetz Engine</Filter>
    </ClCompile>
    <ClCompile Include="Engine\Timer.cpp">
      <Filter>Fichiers de ressources\Utils\Gaetz Engine</Filter>
    </ClCompile>
  </ItemGroup>
  <ItemGroup>
    <None Include="Shaders\aminatedFragment.shader">
      <Filter>Fichiers de ressources\Shaders\Base Scene</Filter>
    </None>
    <None Include="Shaders\animatedRainbowFrag.shader">
      <Filter>Fichiers de ressources\Shaders\Base Scene</Filter>
    </None>
    <None Include="Shaders\animatedRainbowVertex.shader">
      <Filter>Fichiers de ressources\Shaders\Base Scene</Filter>
    </None>
    <None Include="Shaders\rainbowFragment.shader">
      <Filter>Fichiers de ressources\Shaders\Base Scene</Filter>
    </None>
    <None Include="Shaders\rainbowVertex.shader">
      <Filter>Fichiers de ressources\Shaders\Base Scene</Filter>
    </None>
    <None Include="Shaders\simpleFragment.shader">
      <Filter>Fichiers de ressources\Shaders\Demo Scene</Filter>
    </None>
    <None Include="Shaders\simpleVertex.shader">
      <Filter>Fichiers de ressources\Shaders\Demo Scene</Filter>
    </None>
    <None Include="Shaders\vertexMove.shader">
      <Filter>Fichiers de ressources\Shaders\Demo Scene</Filter>
    </None>
    <None Include="Shaders\tessellationControl.shader">
      <Filter>Fichiers de ressources\Shaders\Tessellation Simple</Filter>
    </None>
    <None Include="Shaders\tessellationEval.shader">
      <Filter>Fichiers de ressources\Shaders\Tessellation Simple</Filter>
    </None>
    <None Include="Shaders\tessellationFragment.shader">
      <Filter>Fichiers de ressources\Shaders\Tessellation Simple</Filter>
    </None>
    <None Include="Shaders\tessellationGeometry.shader">
      <Filter>Fichiers de ressources\Shaders\Tessellation Simple</Filter>
    </None>
    <None Include="Shaders\tessellationVertex.shader">
      <Filter>Fichiers de ressources\Shaders\Tessellation Simple</Filter>
    </None>
    <None Include="Shaders\tessModesVertex.shader">
      <Filter>Fichiers de ressources\Shaders\Tessellation Modes</Filter>
    </None>
    <None Include="Shaders\tessModesFragment.shader">
      <Filter>Fichiers de ressources\Shaders\Tessellation Modes</Filter>
    </None>
    <None Include="Shaders\tessModesControl.shader">
      <Filter>Fichiers de ressources\Shaders\Tessellation Modes</Filter>
    </None>
    <None Include="Shaders\tessModesEvaluation.shader">
      <Filter>Fichiers de ressources\Shaders\Tessellation Modes</Filter>
    </None>
    <None Include="Shaders\terrainTessVertex.shader">
      <Filter>Fichiers de ressources\Shaders\Terrain Tessellation</Filter>
    </None>
    <None Include="Shaders\terrainTessFragment.shader">
      <Filter>Fichiers de ressources\Shaders\Terrain Tessellation</Filter>
    </None>
    <None Include="Shaders\terrainTessControl.shader">
      <Filter>Fichiers de ressources\Shaders\Terrain Tessellation</Filter>
    </None>
    <None Include="Shaders\terrainTessEvaluation.shader">
      <Filter>Fichiers de ressources\Shaders\Terrain Tessellation</Filter>
    </None>
  </ItemGroup>
  <ItemGroup>
    <ClInclude Include="Window.h">
      <Filter>Fichiers d%27en-tête</Filter>
    </ClInclude>
    <ClInclude Include="Color.h">
      <Filter>Fichiers d%27en-tête</Filter>
    </ClInclude>
    <ClInclude Include="Shader.h">
      <Filter>Fichiers d%27en-tête</Filter>
    </ClInclude>
    <ClInclude Include="ShaderProgram.h">
      <Filter>Fichiers d%27en-tête</Filter>
    </ClInclude>
    <ClInclude Include="SceneManagement.h">
      <Filter>Fichiers d%27en-tête</Filter>
    </ClInclude>
    <ClInclude Include="Shapes2D.h">
      <Filter>Fichiers d%27en-tête</Filter>
    </ClInclude>
    <ClInclude Include="ScreensaverScene.h">
      <Filter>Fichiers d%27en-tête\Scenes</Filter>
    </ClInclude>
    <ClInclude Include="BaseScene.h">
      <Filter>Fichiers d%27en-tête\Scenes</Filter>
    </ClInclude>
    <ClInclude Include="Scene.h">
      <Filter>Fichiers d%27en-tête\Scenes</Filter>
    </ClInclude>
    <ClInclude Include="TessellationScene.h">
      <Filter>Fichiers d%27en-tête\Scenes</Filter>
    </ClInclude>
    <ClInclude Include="TessellationModesScene.h">
      <Filter>Fichiers d%27en-tête\Scenes</Filter>
    </ClInclude>
    <ClInclude Include="TerrainTessellationScene.h">
      <Filter>Fichiers d%27en-tête\Scenes</Filter>
    </ClInclude>
    <ClInclude Include="maths\Maths.h">
      <Filter>Fichiers de ressources\Utils\Maths</Filter>
    </ClInclude>
    <ClInclude Include="maths\Matrix4.h">
      <Filter>Fichiers de ressources\Utils\Maths</Filter>
    </ClInclude>
    <ClInclude Include="maths\Matrix4Row.h">
      <Filter>Fichiers de ressources\Utils\Maths</Filter>
    </ClInclude>
    <ClInclude Include="maths\Quaternion.h">
      <Filter>Fichiers de ressources\Utils\Maths</Filter>
    </ClInclude>
    <ClInclude Include="maths\Vector2.h">
      <Filter>Fichiers de ressources\Utils\Maths</Filter>
    </ClInclude>
    <ClInclude Include="maths\Vector3.h">
      <Filter>Fichiers de ressources\Utils\Maths</Filter>
    </ClInclude>
    <ClInclude Include="maths\Vector4.h">
      <Filter>Fichiers de ressources\Utils\Maths</Filter>
    </ClInclude>
    <ClInclude Include="Engine\Assets.h">
      <Filter>Fichiers de ressources\Utils\Gaetz Engine</Filter>
    </ClInclude>
    <ClInclude Include="Engine\Game.h">
      <Filter>Fichiers de ressources\Utils\Gaetz Engine</Filter>
    </ClInclude>
    <ClInclude Include="Engine\MeshObject.h">
      <Filter>Fichiers de ressources\Utils\Gaetz Engine</Filter>
    </ClInclude>
    <ClInclude Include="Engine\Texture.h">
      <Filter>Fichiers de ressources\Utils\Gaetz Engine</Filter>
    </ClInclude>
    <ClInclude Include="Engine\TextureKtx.h">
      <Filter>Fichiers de ressources\Utils\Gaetz Engine</Filter>
    </ClInclude>
    <ClInclude Include="Engine\Timer.h">
      <Filter>Fichiers de ressources\Utils\Gaetz Engine</Filter>
    </ClInclude>
  </ItemGroup>
</Project>